
Microsoft Visual Studio Solution File, Format Version 12.00
# Visual Studio Version 17
VisualStudioVersion = 17.4.33213.308
MinimumVisualStudioVersion = 10.0.40219.1
Project("{FAE04EC0-301F-11D3-BF4B-00C04F79EFBC}") = "2023-2-4", "2023-2-4\2023-2-4.csproj", "{D565FEDE-4DA2-4EAE-9A30-E740C7DFB38E}"
EndProject
Global
	GlobalSection(SolutionConfigurationPlatforms) = preSolution
		Debug|Any CPU = Debug|Any CPU
		Release|Any CPU = Release|Any CPU
	EndGlobalSection
	GlobalSection(ProjectConfigurationPlatforms) = postSolution
		{D565FEDE-4DA2-4EAE-9A30-E740C7DFB38E}.Debug|Any CPU.ActiveCfg = Debug|Any CPU
		{D565FEDE-4DA2-4EAE-9A30-E740C7DFB38E}.Debug|Any CPU.Build.0 = Debug|Any CPU
		{D565FEDE-4DA2-4EAE-9A30-E740C7DFB38E}.Release|Any CPU.ActiveCfg = Release|Any CPU
		{D565FEDE-4DA2-4EAE-9A30-E740C7DFB38E}.Release|Any CPU.Build.0 = Release|Any CPU
	EndGlobalSection
	GlobalSection(SolutionProperties) = preSolution
		HideSolutionNode = FALSE
	EndGlobalSection
	GlobalSection(ExtensibilityGlobals) = postSolution
		SolutionGuid = {38F971AA-592B-4A0C-92B7-A3322CA51F93}
	EndGlobalSection
EndGlobal
